
Microsoft Visual Studio Solution File, Format Version 12.00
# Visual Studio Version 17
VisualStudioVersion = 17.5.33530.505
MinimumVisualStudioVersion = 10.0.40219.1
Project("{FAE04EC0-301F-11D3-BF4B-00C04F79EFBC}") = "AbbyWeb", "AbbyWeb.csproj", "{CCFC152A-EC2D-4177-B87E-72AB46ADBB14}"
EndProject
Global
	GlobalSection(SolutionConfigurationPlatforms) = preSolution
		Debug|Any CPU = Debug|Any CPU
		Release|Any CPU = Release|Any CPU
	EndGlobalSection
	GlobalSection(ProjectConfigurationPlatforms) = postSolution
		{CCFC152A-EC2D-4177-B87E-72AB46ADBB14}.Debug|Any CPU.ActiveCfg = Debug|Any CPU
		{CCFC152A-EC2D-4177-B87E-72AB46ADBB14}.Debug|Any CPU.Build.0 = Debug|Any CPU
		{CCFC152A-EC2D-4177-B87E-72AB46ADBB14}.Release|Any CPU.ActiveCfg = Release|Any CPU
		{CCFC152A-EC2D-4177-B87E-72AB46ADBB14}.Release|Any CPU.Build.0 = Release|Any CPU
	EndGlobalSection
	GlobalSection(SolutionProperties) = preSolution
		HideSolutionNode = FALSE
	EndGlobalSection
	GlobalSection(ExtensibilityGlobals) = postSolution
		SolutionGuid = {3860DAB9-641C-4A49-998D-2A5F6DF48C1A}
	EndGlobalSection
EndGlobal
